
Microsoft Visual Studio Solution File, Format Version 12.00
# Visual Studio 15
VisualStudioVersion = 15.0.28307.1433
MinimumVisualStudioVersion = 10.0.40219.1
Project("{FAE04EC0-301F-11D3-BF4B-00C04F79EFBC}") = "MobaServer", "MobaServer\MobaServer.csproj", "{C78B7D67-01B1-4DEB-9BE0-363C30D9CBCB}"
EndProject
Project("{FAE04EC0-301F-11D3-BF4B-00C04F79EFBC}") = "MobaUtility", "MobaUtility\MobaUtility.csproj", "{736C3D7F-6A4E-4A57-9F22-2BD92271A318}"
EndProject
Global
	GlobalSection(SolutionConfigurationPlatforms) = preSolution
		Debug|Any CPU = Debug|Any CPU
		Release|Any CPU = Release|Any CPU
		Unity|Any CPU = Unity|Any CPU
	EndGlobalSection
	GlobalSection(ProjectConfigurationPlatforms) = postSolution
		{C78B7D67-01B1-4DEB-9BE0-363C30D9CBCB}.Debug|Any CPU.ActiveCfg = Debug|Any CPU
		{C78B7D67-01B1-4DEB-9BE0-363C30D9CBCB}.Debug|Any CPU.Build.0 = Debug|Any CPU
		{C78B7D67-01B1-4DEB-9BE0-363C30D9CBCB}.Release|Any CPU.ActiveCfg = Release|Any CPU
		{C78B7D67-01B1-4DEB-9BE0-363C30D9CBCB}.Release|Any CPU.Build.0 = Release|Any CPU
		{C78B7D67-01B1-4DEB-9BE0-363C30D9CBCB}.Unity|Any CPU.ActiveCfg = Release|Any CPU
		{C78B7D67-01B1-4DEB-9BE0-363C30D9CBCB}.Unity|Any CPU.Build.0 = Release|Any CPU
		{736C3D7F-6A4E-4A57-9F22-2BD92271A318}.Debug|Any CPU.ActiveCfg = Debug|Any CPU
		{736C3D7F-6A4E-4A57-9F22-2BD92271A318}.Debug|Any CPU.Build.0 = Debug|Any CPU
		{736C3D7F-6A4E-4A57-9F22-2BD92271A318}.Release|Any CPU.ActiveCfg = Release|Any CPU
		{736C3D7F-6A4E-4A57-9F22-2BD92271A318}.Release|Any CPU.Build.0 = Release|Any CPU
		{736C3D7F-6A4E-4A57-9F22-2BD92271A318}.Unity|Any CPU.ActiveCfg = Unity|Any CPU
		{736C3D7F-6A4E-4A57-9F22-2BD92271A318}.Unity|Any CPU.Build.0 = Unity|Any CPU
	EndGlobalSection
	GlobalSection(SolutionProperties) = preSolution
		HideSolutionNode = FALSE
	EndGlobalSection
	GlobalSection(ExtensibilityGlobals) = postSolution
		SolutionGuid = {25C06FB8-A753-4359-9A3C-3AC2FA52D302}
	EndGlobalSection
EndGlobal
